# This file is automatically @generated by Cargo.
# It is not intended for manual editing.
version = 3

[[package]]
name = "lazy_static"
version = "1.4.0"
source = "registry+https://github.com/rust-lang/crates.io-index"
checksum = "e2abad23fbc42b3700f2f279844dc832adb2b2eb069b2df918f455c4e18cc646"

[[package]]
name = "libc"
version = "0.2.148"
source = "registry+https://github.com/rust-lang/crates.io-index"
checksum = "9cdc71e17332e86d2e1d38c1f99edcb6288ee11b815fb1a4b049eaa2114d369b"

[[package]]
name = "log"
version = "0.4.20"
source = "registry+https://github.com/rust-lang/crates.io-index"
checksum = "b5e6163cb8c49088c2c36f57875e58ccd8c87c7427f7fbd50ea6710b2f3f2e8f"

[[package]]
name = "screenpad_rs"
version = "0.1.0"
dependencies = [
 "lazy_static",
 "sudo",
]

[[package]]
name = "sudo"
version = "0.6.0"
source = "registry+https://github.com/rust-lang/crates.io-index"
checksum = "88bd84d4c082e18e37fef52c0088e4407dabcef19d23a607fb4b5ee03b7d5b83"
dependencies = [
 "libc",
 "log",
]
